
Microsoft Visual Studio Solution File, Format Version 12.00
# Visual Studio Version 17
VisualStudioVersion = 17.4.33213.308
MinimumVisualStudioVersion = 10.0.40219.1
Project("{FAE04EC0-301F-11D3-BF4B-00C04F79EFBC}") = "MovieReviewsProjectAPI", "MovieReviewsProjectAPI\MovieReviewsProjectAPI.csproj", "{1BD5A995-930B-4C3D-917F-82BD43F9C707}"
EndProject
Global
	GlobalSection(SolutionConfigurationPlatforms) = preSolution
		Debug|Any CPU = Debug|Any CPU
		Release|Any CPU = Release|Any CPU
	EndGlobalSection
	GlobalSection(ProjectConfigurationPlatforms) = postSolution
		{1BD5A995-930B-4C3D-917F-82BD43F9C707}.Debug|Any CPU.ActiveCfg = Debug|Any CPU
		{1BD5A995-930B-4C3D-917F-82BD43F9C707}.Debug|Any CPU.Build.0 = Debug|Any CPU
		{1BD5A995-930B-4C3D-917F-82BD43F9C707}.Release|Any CPU.ActiveCfg = Release|Any CPU
		{1BD5A995-930B-4C3D-917F-82BD43F9C707}.Release|Any CPU.Build.0 = Release|Any CPU
	EndGlobalSection
	GlobalSection(SolutionProperties) = preSolution
		HideSolutionNode = FALSE
	EndGlobalSection
	GlobalSection(ExtensibilityGlobals) = postSolution
		SolutionGuid = {23CCC705-1BC2-4BB2-98F4-086DF0DBB94B}
	EndGlobalSection
EndGlobal
